// !$*UTF8*$!
{
	archiveVersion = 1;
	classes = {
	};
	objectVersion = 46;
	objects = {

/* Begin PBXBuildFile section */
		13ABB0421EE12922005CF575 /* AppDelegate.swift in Sources */ = {isa = PBXBuildFile; fileRef = 13ABB0411EE12922005CF575 /* AppDelegate.swift */; };
		13ABB0441EE12922005CF575 /* ViewController.swift in Sources */ = {isa = PBXBuildFile; fileRef = 13ABB0431EE12922005CF575 /* ViewController.swift */; };
		13ABB0471EE12922005CF575 /* Main.storyboard in Resources */ = {isa = PBXBuildFile; fileRef = 13ABB0451EE12922005CF575 /* Main.storyboard */; };
		13ABB0491EE12922005CF575 /* Assets.xcassets in Resources */ = {isa = PBXBuildFile; fileRef = 13ABB0481EE12922005CF575 /* Assets.xcassets */; };
		13ABB04C1EE12922005CF575 /* LaunchScreen.storyboard in Resources */ = {isa = PBXBuildFile; fileRef = 13ABB04A1EE12922005CF575 /* LaunchScreen.storyboard */; };
/* End PBXBuildFile section */

/* Begin PBXFileReference section */
		13ABB03E1EE12921005CF575 /* EventKitDemo.app */ = {isa = PBXFileReference; explicitFileType = wrapper.application; includeInIndex = 0; path = EventKitDemo.app; sourceTree = BUILT_PRODUCTS_DIR; };
		13ABB0411EE12922005CF575 /* AppDelegate.swift */ = {isa = PBXFileReference; lastKnownFileType = sourcecode.swift; path = AppDelegate.swift; sourceTree = "<group>"; };
		13ABB0431EE12922005CF575 /* ViewController.swift */ = {isa = PBXFileReference; lastKnownFileType = sourcecode.swift; path = ViewController.swift; sourceTree = "<group>"; };
		13ABB0461EE12922005CF575 /* Base */ = {isa = PBXFileReference; lastKnownFileType = file.storyboard; name = Base; path = Base.lproj/Main.storyboard; sourceTree = "<group>"; };
		13ABB0481EE12922005CF575 /* Assets.xcassets */ = {isa = PBXFileReference; lastKnownFileType = folder.assetcatalog; path = Assets.xcassets; sourceTree = "<group>"; };
		13ABB04B1EE12922005CF575 /* Base */ = {isa = PBXFileReference; lastKnownFileType = file.storyboard; name = Base; path = Base.lproj/LaunchScreen.storyboard; sourceTree = "<group>"; };
		13ABB04D1EE12922005CF575 /* Info.plist */ = {isa = PBXFileReference; lastKnownFileType = text.plist.xml; path = Info.plist; sourceTree = "<group>"; };
/* End PBXFileReference section */

/* Begin PBXFrameworksBuildPhase section */
		13ABB03B1EE12921005CF575 /* Frameworks */ = {
			isa = PBXFrameworksBuildPhase;
			buildActionMask = 2147483647;
			files = (
			);
			runOnlyForDeploymentPostprocessing = 0;
		};
/* End PBXFrameworksBuildPhase section */

/* Begin PBXGroup section */
		13ABB0351EE12921005CF575 = {
			isa = PBXGroup;
			children = (
				13ABB0401EE12921005CF575 /* EventKitDemo */,
				13ABB03F1EE12921005CF575 /* Products */,
			);
			sourceTree = "<group>";
		};
		13ABB03F1EE12921005CF575 /* Products */ = {
			isa = PBXGroup;
			children = (
				13ABB03E1EE12921005CF575 /* EventKitDemo.app */,
			);
			name = Products;
			sourceTree = "<group>";
		};
		13ABB0401EE12921005CF575 /* EventKitDemo */ = {
			isa = PBXGroup;
			children = (
				13ABB0411EE12922005CF575 /* AppDelegate.swift */,
				13ABB0431EE12922005CF575 /* ViewController.swift */,
				13ABB0451EE12922005CF575 /* Main.storyboard */,
				13ABB0481EE12922005CF575 /* Assets.xcassets */,
				13ABB04A1EE12922005CF575 /* LaunchScreen.storyboard */,
				13ABB04D1EE12922005CF575 /* Info.plist */,
			);
			path = EventKitDemo;
			sourceTree = "<group>";
		};
/* End PBXGroup section */

/* Begin PBXNativeTarget section */
		13ABB03D1EE12921005CF575 /* EventKitDemo */ = {
			isa = PBXNativeTarget;
			buildConfigurationList = 13ABB0501EE12922005CF575 /* Build configuration list for PBXNativeTarget "EventKitDemo" */;
			buildPhases = (
				13ABB03A1EE12921005CF575 /* Sources */,
				13ABB03B1EE12921005CF575 /* Frameworks */,
				13ABB03C1EE12921005CF575 /* Resources */,
			);
			buildRules = (
			);
			dependencies = (
			);
			name = EventKitDemo;
			productName = EventKitDemo;
			productReference = 13ABB03E1EE12921005CF575 /* EventKitDemo.app */;
			productType = "com.apple.product-type.application";
		};
/* End PBXNativeTarget section */

/* Begin PBXProject section */
		13ABB0361EE12921005CF575 /* Project object */ = {
			isa = PBXProject;
			attributes = {
				LastSwiftUpdateCheck = 0830;
				LastUpgradeCheck = 0830;
				ORGANIZATIONNAME = "Vikash Kumar";
				TargetAttributes = {
					13ABB03D1EE12921005CF575 = {
						CreatedOnToolsVersion = 8.3.2;
						DevelopmentTeam = RF7N2574KF;
						ProvisioningStyle = Automatic;
					};
				};
			};
			buildConfigurationList = 13ABB0391EE12921005CF575 /* Build configuration list for PBXProject "EventKitDemo" */;
			compatibilityVersion = "Xcode 3.2";
			developmentRegion = English;
			hasScannedForEncodings = 0;
			knownRegions = (
				en,
				Base,
			);
			mainGroup = 13ABB0351EE12921005CF575;
			productRefGroup = 13ABB03F1EE12921005CF575 /* Products */;
			projectDirPath = "";
			projectRoot = "";
			targets = (
				13ABB03D1EE12921005CF575 /* EventKitDemo */,
			);
		};
/* End PBXProject section */

/* Begin PBXResourcesBuildPhase section */
		13ABB03C1EE12921005CF575 /* Resources */ = {
			isa = PBXResourcesBuildPhase;
			buildActionMask = 2147483647;
			files = (
				13ABB04C1EE12922005CF575 /* LaunchScreen.storyboard in Resources */,
				13ABB0491EE12922005CF575 /* Assets.xcassets in Resources */,
				13ABB0471EE12922005CF575 /* Main.storyboard in Resources */,
			);
			runOnlyForDeploymentPostprocessing = 0;
		};
/* End PBXResourcesBuildPhase section */

/* Begin PBXSourcesBuildPhase section */
		13ABB03A1EE12921005CF575 /* Sources */ = {
			isa = PBXSourcesBuildPhase;
			buildActionMask = 2147483647;
			files = (
				13ABB0441EE12922005CF575 /* ViewController.swift in Sources */,
				13ABB0421EE12922005CF575 /* AppDelegate.swift in Sources */,
			);
			runOnlyForDeploymentPostprocessing = 0;
		};
/* End PBXSourcesBuildPhase section */

/* Begin PBXVariantGroup section */
		13ABB0451EE12922005CF575 /* Main.storyboard */ = {
			isa = PBXVariantGroup;
			children = (
				13ABB0461EE12922005CF575 /* Base */,
			);
			name = Main.storyboard;
			sourceTree = "<group>";
		};
		13ABB04A1EE12922005CF575 /* LaunchScreen.storyboard */ = {
			isa = PBXVariantGroup;
			children = (
				13ABB04B1EE12922005CF575 /* Base */,
			);
			name = LaunchScreen.storyboard;
			sourceTree = "<group>";
		};
/* End PBXVariantGroup section */

/* Begin XCBuildConfiguration section */
		13ABB04E1EE12922005CF575 /* Debug */ = {
			isa = XCBuildConfiguration;
			buildSettings = {
				ALWAYS_SEARCH_USER_PATHS = NO;
				CLANG_ANALYZER_NONNULL = YES;
				CLANG_ANALYZER_NUMBER_OBJECT_CONVERSION = YES_AGGRESSIVE;
				CLANG_CXX_LANGUAGE_STANDARD = "gnu++0x";
				CLANG_CXX_LIBRARY = "libc++";
				CLANG_ENABLE_MODULES = YES;
				CLANG_ENABLE_OBJC_ARC = YES;
				CLANG_WARN_BOOL_CONVERSION = YES;
				CLANG_WARN_CONSTANT_CONVERSION = YES;
				CLANG_WARN_DIRECT_OBJC_ISA_USAGE = YES_ERROR;
				CLANG_WARN_DOCUMENTATION_COMMENTS = YES;
				CLANG_WARN_EMPTY_BODY = YES;
				CLANG_WARN_ENUM_CONVERSION = YES;
				CLANG_WARN_INFINITE_RECURSION = YES;
				CLANG_WARN_INT_CONVERSION = YES;
				CLANG_WARN_OBJC_ROOT_CLASS = YES_ERROR;
				CLANG_WARN_SUSPICIOUS_MOVE = YES;
				CLANG_WARN_UNREACHABLE_CODE = YES;
				CLANG_WARN__DUPLICATE_METHOD_MATCH = YES;
				"CODE_SIGN_IDENTITY[sdk=iphoneos*]" = "iPhone Developer";
				COPY_PHASE_STRIP = NO;
				DEBUG_INFORMATION_FORMAT = dwarf;
				ENABLE_STRICT_OBJC_MSGSEND = YES;
				ENABLE_TESTABILITY = YES;
				GCC_C_LANGUAGE_STANDARD = gnu99;
				GCC_DYNAMIC_NO_PIC = NO;
				GCC_NO_COMMON_BLOCKS = YES;
				GCC_OPTIMIZATION_LEVEL = 0;
				GCC_PREPROCESSOR_DEFINITIONS = (
					"DEBUG=1",
					"$(inherited)",
				);
				GCC_WARN_64_TO_32_BIT_CONVERSION = YES;
				GCC_WARN_ABOUT_RETURN_TYPE = YES_ERROR;
				GCC_WARN_UNDECLARED_SELECTOR = YES;
				GCC_WARN_UNINITIALIZED_AUTOS = YES_AGGRESSIVE;
				GCC_WARN_UNUSED_FUNCTION = YES;
				GCC_WARN_UNUSED_VARIABLE = YES;
				IPHONEOS_DEPLOYMENT_TARGET = 10.3;
				MTL_ENABLE_DEBUG_INFO = YES;
				ONLY_ACTIVE_ARCH = YES;
				SDKROOT = iphoneos;
				SWIFT_ACTIVE_COMPILATION_CONDITIONS = DEBUG;
				SWIFT_OPTIMIZATION_LEVEL = "-Onone";
				TARGETED_DEVICE_FAMILY = "1,2";
			};
			name = Debug;
		};
		13ABB04F1EE12922005CF575 /* Release */ = {
			isa = XCBuildConfiguration;
			buildSettings = {
				ALWAYS_SEARCH_USER_PATHS = NO;
				CLANG_ANALYZER_NONNULL = YES;
				CLANG_ANALYZER_NUMBER_OBJECT_CONVERSION = YES_AGGRESSIVE;
				CLANG_CXX_LANGUAGE_STANDARD = "gnu++0x";
				CLANG_CXX_LIBRARY = "libc++";
				CLANG_ENABLE_MODULES = YES;
				CLANG_ENABLE_OBJC_ARC = YES;
				CLANG_WARN_BOOL_CONVERSION = YES;
				CLANG_WARN_CONSTANT_CONVERSION = YES;
				CLANG_WARN_DIRECT_OBJC_ISA_USAGE = YES_ERROR;
				CLANG_WARN_DOCUMENTATION_COMMENTS = YES;
				CLANG_WARN_EMPTY_BODY = YES;
				CLANG_WARN_ENUM_CONVERSION = YES;
				CLANG_WARN_INFINITE_RECURSION = YES;
				CLANG_WARN_INT_CONVERSION = YES;
				CLANG_WARN_OBJC_ROOT_CLASS = YES_ERROR;
				CLANG_WARN_SUSPICIOUS_MOVE = YES;
				CLANG_WARN_UNREACHABLE_CODE = YES;
				CLANG_WARN__DUPLICATE_METHOD_MATCH = YES;
				"CODE_SIGN_IDENTITY[sdk=iphoneos*]" = "iPhone Developer";
				COPY_PHASE_STRIP = NO;
				DEBUG_INFORMATION_FORMAT = "dwarf-with-dsym";
				ENABLE_NS_ASSERTIONS = NO;
				ENABLE_STRICT_OBJC_MSGSEND = YES;
				GCC_C_LANGUAGE_STANDARD = gnu99;
				GCC_NO_COMMON_BLOCKS = YES;
				GCC_WARN_64_TO_32_BIT_CONVERSION = YES;
				GCC_WARN_ABOUT_RETURN_TYPE = YES_ERROR;
				GCC_WARN_UNDECLARED_SELECTOR = YES;
				GCC_WARN_UNINITIALIZED_AUTOS = YES_AGGRESSIVE;
				GCC_WARN_UNUSED_FUNCTION = YES;
				GCC_WARN_UNUSED_VARIABLE = YES;
				IPHONEOS_DEPLOYMENT_TARGET = 10.3;
				MTL_ENABLE_DEBUG_INFO = NO;
				SDKROOT = iphoneos;
				SWIFT_OPTIMIZATION_LEVEL = "-Owholemodule";
				TARGETED_DEVICE_FAMILY = "1,2";
				VALIDATE_PRODUCT = YES;
			};
			name = Release;
		};
		13ABB0511EE12922005CF575 /* Debug */ = {
			isa = XCBuildConfiguration;
			buildSettings = {
				ASSETCATALOG_COMPILER_APPICON_NAME = AppIcon;
				DEVELOPMENT_TEAM = RF7N2574KF;
				INFOPLIST_FILE = EventKitDemo/Info.plist;
				IPHONEOS_DEPLOYMENT_TARGET = 10.0;
				LD_RUNPATH_SEARCH_PATHS = "$(inherited) @executable_path/Frameworks";
				PRODUCT_BUNDLE_IDENTIFIER = smileIndia.EventKitDemo;
				PRODUCT_NAME = "$(TARGET_NAME)";
				SWIFT_VERSION = 3.0;
			};
			name = Debug;
		};
		13ABB0521EE12922005CF575 /* Release */ = {
			isa = XCBuildConfiguration;
			buildSettings = {
				ASSETCATALOG_COMPILER_APPICON_NAME = AppIcon;
				DEVELOPMENT_TEAM = RF7N2574KF;
				INFOPLIST_FILE = EventKitDemo/Info.plist;
				IPHONEOS_DEPLOYMENT_TARGET = 10.0;
				LD_RUNPATH_SEARCH_PATHS = "$(inherited) @executable_path/Frameworks";
				PRODUCT_BUNDLE_IDENTIFIER = smileIndia.EventKitDemo;
				PRODUCT_NAME = "$(TARGET_NAME)";
				SWIFT_VERSION = 3.0;
			};
			name = Release;
		};
/* End XCBuildConfiguration section */

/* Begin XCConfigurationList section */
		13ABB0391EE12921005CF575 /* Build configuration list for PBXProject "EventKitDemo" */ = {
			isa = XCConfigurationList;
			buildConfigurations = (
				13ABB04E1EE12922005CF575 /* Debug */,
				13ABB04F1EE12922005CF575 /* Release */,
			);
			defaultConfigurationIsVisible = 0;
			defaultConfigurationName = Release;
		};
		13ABB0501EE12922005CF575 /* Build configuration list for PBXNativeTarget "EventKitDemo" */ = {
			isa = XCConfigurationList;
			buildConfigurations = (
				13ABB0511EE12922005CF575 /* Debug */,
				13ABB0521EE12922005CF575 /* Release */,
			);
			defaultConfigurationIsVisible = 0;
			defaultConfigurationName = Release;
		};
/* End XCConfigurationList section */
	};
	rootObject = 13ABB0361EE12921005CF575 /* Project object */;
}
